
Microsoft Visual Studio Solution File, Format Version 12.00
# Visual Studio Version 17
VisualStudioVersion = 17.8.34309.116
MinimumVisualStudioVersion = 10.0.40219.1
Project("{9A19103F-16F7-4668-BE54-9A1E7A4F7556}") = "Catalog.WebApi", "Catalog.WebApi.csproj", "{E61D44ED-7C59-477A-89E5-C1BA48B841CE}"
EndProject
Project("{9A19103F-16F7-4668-BE54-9A1E7A4F7556}") = "Catalog.DataAccessLayer", "..\DataAccessLayer\Catalog.DataAccessLayer.csproj", "{AF677CE3-AAE0-4208-B493-563B7EDDB34B}"
EndProject
Project("{9A19103F-16F7-4668-BE54-9A1E7A4F7556}") = "Catalog.BuisnesDataLayer", "..\Catalog.BuisnesDataLayer\Catalog.BuisnesDataLayer.csproj", "{B840902A-0784-4F9C-86A1-3C064EF80088}"
EndProject
Project("{9A19103F-16F7-4668-BE54-9A1E7A4F7556}") = "OcelotGateWay", "..\OcelotGateWay\OcelotGateWay.csproj", "{9BCF9F71-B8D7-4ED4-8D03-2F1DDA21ABDF}"
EndProject
Project("{2150E333-8FDC-42A3-9474-1A3956D46DE8}") = "Catalog", "Catalog", "{E8A2A3C5-1E56-432F-9DC4-8848A2A81CA6}"
EndProject
Project("{2150E333-8FDC-42A3-9474-1A3956D46DE8}") = "Admin", "Admin", "{9CDD4AC2-DE12-4E2B-BB4D-C1EF43F2E48B}"
EndProject
Project("{2150E333-8FDC-42A3-9474-1A3956D46DE8}") = "Core", "Core", "{96B44B22-ADBA-4BDF-92E6-ECAF45543635}"
EndProject
Project("{2150E333-8FDC-42A3-9474-1A3956D46DE8}") = "Infrastucture", "Infrastucture", "{BDD606BD-13C0-4166-AA5B-497298768E98}"
EndProject
Project("{9A19103F-16F7-4668-BE54-9A1E7A4F7556}") = "Persistence", "..\Admin\Infrastructure\Persistence\Persistence.csproj", "{750DFCA2-89E6-4B50-9F01-F8E80AA5E3CC}"
EndProject
Project("{9A19103F-16F7-4668-BE54-9A1E7A4F7556}") = "Application", "..\Admin\Core\Application\Application.csproj", "{D6CDB143-9418-4841-AA0A-C70EF6F11AFE}"
EndProject
Project("{9A19103F-16F7-4668-BE54-9A1E7A4F7556}") = "Domain", "..\Admin\Core\Domain\Domain.csproj", "{C9DE997C-4F16-4C32-BDF7-3F900CA42D25}"
EndProject
Project("{9A19103F-16F7-4668-BE54-9A1E7A4F7556}") = "Admin.Web", "..\Admin\Web\Admin.Web\Admin.Web.csproj", "{07B83759-06B2-461C-897C-45F1E4EC2BA3}"
EndProject
Project("{9A19103F-16F7-4668-BE54-9A1E7A4F7556}") = "Aggregator", "..\Aggregator\Aggregator.csproj", "{2CEFC9D2-6B9D-494F-9E40-49ECEEF4252D}"
EndProject
Project("{2150E333-8FDC-42A3-9474-1A3956D46DE8}") = "Forum", "Forum", "{E8D59086-5AB0-412D-91AB-E538E22424ED}"
EndProject
Project("{FAE04EC0-301F-11D3-BF4B-00C04F79EFBC}") = "Forum", "..\Forum\Forum\Forum.csproj", "{71CC3EB0-CB43-48E2-A027-F9E72DCAE810}"
EndProject
Project("{FAE04EC0-301F-11D3-BF4B-00C04F79EFBC}") = "Forum.DAL", "..\Forum\Forum.DAL\Forum.DAL.csproj", "{D1ED4DE2-0999-44AA-BFCC-4A175AEC4D73}"
EndProject
Project("{2150E333-8FDC-42A3-9474-1A3956D46DE8}") = "CourierService", "CourierService", "{3069A3A1-508A-4F55-8FE2-ECEE720CE359}"
EndProject
Project("{FAE04EC0-301F-11D3-BF4B-00C04F79EFBC}") = "Application", "..\CourierService\CourierService\src\Application\Application.csproj", "{FF0B258A-8C29-4871-9E5A-8119F6EB84F9}"
EndProject
Project("{FAE04EC0-301F-11D3-BF4B-00C04F79EFBC}") = "Domain", "..\CourierService\CourierService\src\Domain\Domain.csproj", "{FD1AA22A-A355-4DF2-8D48-86497C0B969D}"
EndProject
Project("{FAE04EC0-301F-11D3-BF4B-00C04F79EFBC}") = "Infrastructure", "..\CourierService\CourierService\src\Infrastructure\Infrastructure.csproj", "{F4B7AD27-FA92-4138-A84D-5DD28BD2833A}"
EndProject
Project("{FAE04EC0-301F-11D3-BF4B-00C04F79EFBC}") = "Web", "..\CourierService\CourierService\src\Web\Web.csproj", "{87252A6F-343D-4E5A-A08F-B0DB336CE842}"
EndProject
Project("{2150E333-8FDC-42A3-9474-1A3956D46DE8}") = "Order", "Order", "{3F80DF5F-FC19-4E28-90B4-57FCC73150A5}"
EndProject
Project("{FAE04EC0-301F-11D3-BF4B-00C04F79EFBC}") = "Orders", "..\Orders\Orders\Orders.csproj", "{61126330-8D66-432E-AB1D-5A31E78FADE8}"
EndProject
Project("{FAE04EC0-301F-11D3-BF4B-00C04F79EFBC}") = "Orders.BLL", "..\Orders\Orders.BLL\Orders.BLL.csproj", "{7B07E0AC-7C26-4D78-8DEA-432E26A95D5C}"
EndProject
Project("{FAE04EC0-301F-11D3-BF4B-00C04F79EFBC}") = "Orders.DAL", "..\Orders\Orders.DAL\Orders.DAL.csproj", "{EA940818-EA9C-48AD-9CCA-D1CD9CBE71D8}"
EndProject
Global
	GlobalSection(SolutionConfigurationPlatforms) = preSolution
		Debug|Any CPU = Debug|Any CPU
		Release|Any CPU = Release|Any CPU
	EndGlobalSection
	GlobalSection(ProjectConfigurationPlatforms) = postSolution
		{E61D44ED-7C59-477A-89E5-C1BA48B841CE}.Debug|Any CPU.ActiveCfg = Debug|Any CPU
		{E61D44ED-7C59-477A-89E5-C1BA48B841CE}.Debug|Any CPU.Build.0 = Debug|Any CPU
		{E61D44ED-7C59-477A-89E5-C1BA48B841CE}.Release|Any CPU.ActiveCfg = Release|Any CPU
		{E61D44ED-7C59-477A-89E5-C1BA48B841CE}.Release|Any CPU.Build.0 = Release|Any CPU
		{AF677CE3-AAE0-4208-B493-563B7EDDB34B}.Debug|Any CPU.ActiveCfg = Debug|Any CPU
		{AF677CE3-AAE0-4208-B493-563B7EDDB34B}.Debug|Any CPU.Build.0 = Debug|Any CPU
		{AF677CE3-AAE0-4208-B493-563B7EDDB34B}.Release|Any CPU.ActiveCfg = Release|Any CPU
		{AF677CE3-AAE0-4208-B493-563B7EDDB34B}.Release|Any CPU.Build.0 = Release|Any CPU
		{B840902A-0784-4F9C-86A1-3C064EF80088}.Debug|Any CPU.ActiveCfg = Debug|Any CPU
		{B840902A-0784-4F9C-86A1-3C064EF80088}.Debug|Any CPU.Build.0 = Debug|Any CPU
		{B840902A-0784-4F9C-86A1-3C064EF80088}.Release|Any CPU.ActiveCfg = Release|Any CPU
		{B840902A-0784-4F9C-86A1-3C064EF80088}.Release|Any CPU.Build.0 = Release|Any CPU
		{9BCF9F71-B8D7-4ED4-8D03-2F1DDA21ABDF}.Debug|Any CPU.ActiveCfg = Debug|Any CPU
		{9BCF9F71-B8D7-4ED4-8D03-2F1DDA21ABDF}.Debug|Any CPU.Build.0 = Debug|Any CPU
		{9BCF9F71-B8D7-4ED4-8D03-2F1DDA21ABDF}.Release|Any CPU.ActiveCfg = Release|Any CPU
		{9BCF9F71-B8D7-4ED4-8D03-2F1DDA21ABDF}.Release|Any CPU.Build.0 = Release|Any CPU
		{750DFCA2-89E6-4B50-9F01-F8E80AA5E3CC}.Debug|Any CPU.ActiveCfg = Debug|Any CPU
		{750DFCA2-89E6-4B50-9F01-F8E80AA5E3CC}.Debug|Any CPU.Build.0 = Debug|Any CPU
		{750DFCA2-89E6-4B50-9F01-F8E80AA5E3CC}.Release|Any CPU.ActiveCfg = Release|Any CPU
		{750DFCA2-89E6-4B50-9F01-F8E80AA5E3CC}.Release|Any CPU.Build.0 = Release|Any CPU
		{D6CDB143-9418-4841-AA0A-C70EF6F11AFE}.Debug|Any CPU.ActiveCfg = Debug|Any CPU
		{D6CDB143-9418-4841-AA0A-C70EF6F11AFE}.Debug|Any CPU.Build.0 = Debug|Any CPU
		{D6CDB143-9418-4841-AA0A-C70EF6F11AFE}.Release|Any CPU.ActiveCfg = Release|Any CPU
		{D6CDB143-9418-4841-AA0A-C70EF6F11AFE}.Release|Any CPU.Build.0 = Release|Any CPU
		{C9DE997C-4F16-4C32-BDF7-3F900CA42D25}.Debug|Any CPU.ActiveCfg = Debug|Any CPU
		{C9DE997C-4F16-4C32-BDF7-3F900CA42D25}.Debug|Any CPU.Build.0 = Debug|Any CPU
		{C9DE997C-4F16-4C32-BDF7-3F900CA42D25}.Release|Any CPU.ActiveCfg = Release|Any CPU
		{C9DE997C-4F16-4C32-BDF7-3F900CA42D25}.Release|Any CPU.Build.0 = Release|Any CPU
		{07B83759-06B2-461C-897C-45F1E4EC2BA3}.Debug|Any CPU.ActiveCfg = Debug|Any CPU
		{07B83759-06B2-461C-897C-45F1E4EC2BA3}.Debug|Any CPU.Build.0 = Debug|Any CPU
		{07B83759-06B2-461C-897C-45F1E4EC2BA3}.Release|Any CPU.ActiveCfg = Release|Any CPU
		{07B83759-06B2-461C-897C-45F1E4EC2BA3}.Release|Any CPU.Build.0 = Release|Any CPU
		{2CEFC9D2-6B9D-494F-9E40-49ECEEF4252D}.Debug|Any CPU.ActiveCfg = Debug|Any CPU
		{2CEFC9D2-6B9D-494F-9E40-49ECEEF4252D}.Debug|Any CPU.Build.0 = Debug|Any CPU
		{2CEFC9D2-6B9D-494F-9E40-49ECEEF4252D}.Release|Any CPU.ActiveCfg = Release|Any CPU
		{2CEFC9D2-6B9D-494F-9E40-49ECEEF4252D}.Release|Any CPU.Build.0 = Release|Any CPU
		{71CC3EB0-CB43-48E2-A027-F9E72DCAE810}.Debug|Any CPU.ActiveCfg = Debug|Any CPU
		{71CC3EB0-CB43-48E2-A027-F9E72DCAE810}.Debug|Any CPU.Build.0 = Debug|Any CPU
		{71CC3EB0-CB43-48E2-A027-F9E72DCAE810}.Release|Any CPU.ActiveCfg = Release|Any CPU
		{71CC3EB0-CB43-48E2-A027-F9E72DCAE810}.Release|Any CPU.Build.0 = Release|Any CPU
		{D1ED4DE2-0999-44AA-BFCC-4A175AEC4D73}.Debug|Any CPU.ActiveCfg = Debug|Any CPU
		{D1ED4DE2-0999-44AA-BFCC-4A175AEC4D73}.Debug|Any CPU.Build.0 = Debug|Any CPU
		{D1ED4DE2-0999-44AA-BFCC-4A175AEC4D73}.Release|Any CPU.ActiveCfg = Release|Any CPU
		{D1ED4DE2-0999-44AA-BFCC-4A175AEC4D73}.Release|Any CPU.Build.0 = Release|Any CPU
		{FF0B258A-8C29-4871-9E5A-8119F6EB84F9}.Debug|Any CPU.ActiveCfg = Debug|Any CPU
		{FF0B258A-8C29-4871-9E5A-8119F6EB84F9}.Debug|Any CPU.Build.0 = Debug|Any CPU
		{FF0B258A-8C29-4871-9E5A-8119F6EB84F9}.Release|Any CPU.ActiveCfg = Release|Any CPU
		{FF0B258A-8C29-4871-9E5A-8119F6EB84F9}.Release|Any CPU.Build.0 = Release|Any CPU
		{FD1AA22A-A355-4DF2-8D48-86497C0B969D}.Debug|Any CPU.ActiveCfg = Debug|Any CPU
		{FD1AA22A-A355-4DF2-8D48-86497C0B969D}.Debug|Any CPU.Build.0 = Debug|Any CPU
		{FD1AA22A-A355-4DF2-8D48-86497C0B969D}.Release|Any CPU.ActiveCfg = Release|Any CPU
		{FD1AA22A-A355-4DF2-8D48-86497C0B969D}.Release|Any CPU.Build.0 = Release|Any CPU
		{F4B7AD27-FA92-4138-A84D-5DD28BD2833A}.Debug|Any CPU.ActiveCfg = Debug|Any CPU
		{F4B7AD27-FA92-4138-A84D-5DD28BD2833A}.Debug|Any CPU.Build.0 = Debug|Any CPU
		{F4B7AD27-FA92-4138-A84D-5DD28BD2833A}.Release|Any CPU.ActiveCfg = Release|Any CPU
		{F4B7AD27-FA92-4138-A84D-5DD28BD2833A}.Release|Any CPU.Build.0 = Release|Any CPU
		{87252A6F-343D-4E5A-A08F-B0DB336CE842}.Debug|Any CPU.ActiveCfg = Debug|Any CPU
		{87252A6F-343D-4E5A-A08F-B0DB336CE842}.Debug|Any CPU.Build.0 = Debug|Any CPU
		{87252A6F-343D-4E5A-A08F-B0DB336CE842}.Release|Any CPU.ActiveCfg = Release|Any CPU
		{87252A6F-343D-4E5A-A08F-B0DB336CE842}.Release|Any CPU.Build.0 = Release|Any CPU
		{61126330-8D66-432E-AB1D-5A31E78FADE8}.Debug|Any CPU.ActiveCfg = Debug|Any CPU
		{61126330-8D66-432E-AB1D-5A31E78FADE8}.Debug|Any CPU.Build.0 = Debug|Any CPU
		{61126330-8D66-432E-AB1D-5A31E78FADE8}.Release|Any CPU.ActiveCfg = Release|Any CPU
		{61126330-8D66-432E-AB1D-5A31E78FADE8}.Release|Any CPU.Build.0 = Release|Any CPU
		{7B07E0AC-7C26-4D78-8DEA-432E26A95D5C}.Debug|Any CPU.ActiveCfg = Debug|Any CPU
		{7B07E0AC-7C26-4D78-8DEA-432E26A95D5C}.Debug|Any CPU.Build.0 = Debug|Any CPU
		{7B07E0AC-7C26-4D78-8DEA-432E26A95D5C}.Release|Any CPU.ActiveCfg = Release|Any CPU
		{7B07E0AC-7C26-4D78-8DEA-432E26A95D5C}.Release|Any CPU.Build.0 = Release|Any CPU
		{EA940818-EA9C-48AD-9CCA-D1CD9CBE71D8}.Debug|Any CPU.ActiveCfg = Debug|Any CPU
		{EA940818-EA9C-48AD-9CCA-D1CD9CBE71D8}.Debug|Any CPU.Build.0 = Debug|Any CPU
		{EA940818-EA9C-48AD-9CCA-D1CD9CBE71D8}.Release|Any CPU.ActiveCfg = Release|Any CPU
		{EA940818-EA9C-48AD-9CCA-D1CD9CBE71D8}.Release|Any CPU.Build.0 = Release|Any CPU
	EndGlobalSection
	GlobalSection(SolutionProperties) = preSolution
		HideSolutionNode = FALSE
	EndGlobalSection
	GlobalSection(NestedProjects) = preSolution
		{E61D44ED-7C59-477A-89E5-C1BA48B841CE} = {E8A2A3C5-1E56-432F-9DC4-8848A2A81CA6}
		{AF677CE3-AAE0-4208-B493-563B7EDDB34B} = {E8A2A3C5-1E56-432F-9DC4-8848A2A81CA6}
		{B840902A-0784-4F9C-86A1-3C064EF80088} = {E8A2A3C5-1E56-432F-9DC4-8848A2A81CA6}
		{96B44B22-ADBA-4BDF-92E6-ECAF45543635} = {9CDD4AC2-DE12-4E2B-BB4D-C1EF43F2E48B}
		{BDD606BD-13C0-4166-AA5B-497298768E98} = {9CDD4AC2-DE12-4E2B-BB4D-C1EF43F2E48B}
		{750DFCA2-89E6-4B50-9F01-F8E80AA5E3CC} = {BDD606BD-13C0-4166-AA5B-497298768E98}
		{D6CDB143-9418-4841-AA0A-C70EF6F11AFE} = {96B44B22-ADBA-4BDF-92E6-ECAF45543635}
		{C9DE997C-4F16-4C32-BDF7-3F900CA42D25} = {96B44B22-ADBA-4BDF-92E6-ECAF45543635}
		{07B83759-06B2-461C-897C-45F1E4EC2BA3} = {9CDD4AC2-DE12-4E2B-BB4D-C1EF43F2E48B}
		{71CC3EB0-CB43-48E2-A027-F9E72DCAE810} = {E8D59086-5AB0-412D-91AB-E538E22424ED}
		{D1ED4DE2-0999-44AA-BFCC-4A175AEC4D73} = {E8D59086-5AB0-412D-91AB-E538E22424ED}
		{FF0B258A-8C29-4871-9E5A-8119F6EB84F9} = {3069A3A1-508A-4F55-8FE2-ECEE720CE359}
		{FD1AA22A-A355-4DF2-8D48-86497C0B969D} = {3069A3A1-508A-4F55-8FE2-ECEE720CE359}
		{F4B7AD27-FA92-4138-A84D-5DD28BD2833A} = {3069A3A1-508A-4F55-8FE2-ECEE720CE359}
		{87252A6F-343D-4E5A-A08F-B0DB336CE842} = {3069A3A1-508A-4F55-8FE2-ECEE720CE359}
		{61126330-8D66-432E-AB1D-5A31E78FADE8} = {3F80DF5F-FC19-4E28-90B4-57FCC73150A5}
		{7B07E0AC-7C26-4D78-8DEA-432E26A95D5C} = {3F80DF5F-FC19-4E28-90B4-57FCC73150A5}
		{EA940818-EA9C-48AD-9CCA-D1CD9CBE71D8} = {3F80DF5F-FC19-4E28-90B4-57FCC73150A5}
	EndGlobalSection
	GlobalSection(ExtensibilityGlobals) = postSolution
		SolutionGuid = {8A186F75-69CD-4F66-A3BF-743E7AAD2774}
	EndGlobalSection
EndGlobal
