
Microsoft Visual Studio Solution File, Format Version 12.00
# Visual Studio Version 17
VisualStudioVersion = 17.8.34309.116
MinimumVisualStudioVersion = 10.0.40219.1
Project("{9A19103F-16F7-4668-BE54-9A1E7A4F7556}") = "Catalog.WebApi", "Catalog.WebApi.csproj", "{E61D44ED-7C59-477A-89E5-C1BA48B841CE}"
EndProject
Project("{9A19103F-16F7-4668-BE54-9A1E7A4F7556}") = "Catalog.DataAccessLayer", "..\DataAccessLayer\Catalog.DataAccessLayer.csproj", "{AF677CE3-AAE0-4208-B493-563B7EDDB34B}"
EndProject
Project("{9A19103F-16F7-4668-BE54-9A1E7A4F7556}") = "Catalog.BuisnesDataLayer", "..\Catalog.BuisnesDataLayer\Catalog.BuisnesDataLayer.csproj", "{B840902A-0784-4F9C-86A1-3C064EF80088}"
EndProject
Project("{9A19103F-16F7-4668-BE54-9A1E7A4F7556}") = "OcelotGateWay", "..\OcelotGateWay\OcelotGateWay.csproj", "{9BCF9F71-B8D7-4ED4-8D03-2F1DDA21ABDF}"
EndProject
Project("{2150E333-8FDC-42A3-9474-1A3956D46DE8}") = "Catalog", "Catalog", "{E8A2A3C5-1E56-432F-9DC4-8848A2A81CA6}"
EndProject
Project("{2150E333-8FDC-42A3-9474-1A3956D46DE8}") = "Admin", "Admin", "{9CDD4AC2-DE12-4E2B-BB4D-C1EF43F2E48B}"
EndProject
Project("{2150E333-8FDC-42A3-9474-1A3956D46DE8}") = "Core", "Core", "{96B44B22-ADBA-4BDF-92E6-ECAF45543635}"
EndProject
Project("{2150E333-8FDC-42A3-9474-1A3956D46DE8}") = "Infrastucture", "Infrastucture", "{BDD606BD-13C0-4166-AA5B-497298768E98}"
EndProject
Project("{9A19103F-16F7-4668-BE54-9A1E7A4F7556}") = "Persistence", "..\Admin\Infrastructure\Persistence\Persistence.csproj", "{750DFCA2-89E6-4B50-9F01-F8E80AA5E3CC}"
EndProject
Project("{9A19103F-16F7-4668-BE54-9A1E7A4F7556}") = "Application", "..\Admin\Core\Application\Application.csproj", "{D6CDB143-9418-4841-AA0A-C70EF6F11AFE}"
EndProject
Project("{9A19103F-16F7-4668-BE54-9A1E7A4F7556}") = "Domain", "..\Admin\Core\Domain\Domain.csproj", "{C9DE997C-4F16-4C32-BDF7-3F900CA42D25}"
EndProject
Project("{9A19103F-16F7-4668-BE54-9A1E7A4F7556}") = "Admin.Web", "..\Admin\Web\Admin.Web\Admin.Web.csproj", "{07B83759-06B2-461C-897C-45F1E4EC2BA3}"
EndProject
Project("{9A19103F-16F7-4668-BE54-9A1E7A4F7556}") = "Aggregator", "..\Aggregator\Aggregator.csproj", "{2CEFC9D2-6B9D-494F-9E40-49ECEEF4252D}"
EndProject
Project("{9A19103F-16F7-4668-BE54-9A1E7A4F7556}") = "Registration", "..\Registration\Registration.csproj", "{010F4AFF-695C-4AC9-B802-2555E7BE3024}"
EndProject
Project("{2150E333-8FDC-42A3-9474-1A3956D46DE8}") = "Order", "Order", "{41FFF164-9792-4007-9254-1886956435AD}"
EndProject
Project("{9A19103F-16F7-4668-BE54-9A1E7A4F7556}") = "Orders", "..\Orders\Orders\Orders.csproj", "{FB0AF78E-AB6C-4590-B7C2-06516453381B}"
EndProject
Project("{9A19103F-16F7-4668-BE54-9A1E7A4F7556}") = "Orders.BLL", "..\Orders\Orders.BLL\Orders.BLL.csproj", "{60C71EE8-6AD3-40F1-ADFA-DC1E5C6D00B6}"
EndProject
Project("{9A19103F-16F7-4668-BE54-9A1E7A4F7556}") = "Orders.DAL", "..\Orders\Orders.DAL\Orders.DAL.csproj", "{22B0B627-5E91-449F-982A-00BD964705B6}"
EndProject
Project("{2150E333-8FDC-42A3-9474-1A3956D46DE8}") = "Forum", "Forum", "{E0F9E121-5781-45D5-8286-2E460F78B3E6}"
EndProject
Project("{9A19103F-16F7-4668-BE54-9A1E7A4F7556}") = "Forum", "..\Forum\Forum\Forum.csproj", "{E1F91501-FBF1-482E-8E2C-EABF77378842}"
EndProject
Project("{9A19103F-16F7-4668-BE54-9A1E7A4F7556}") = "Forum.DAL", "..\Forum\Forum.DAL\Forum.DAL.csproj", "{2813681D-4469-497F-845A-74670003F425}"
EndProject
Project("{2150E333-8FDC-42A3-9474-1A3956D46DE8}") = "Courier", "Courier", "{7A610D65-F39E-4A1D-83E3-8B93D88BAC17}"
EndProject
Project("{9A19103F-16F7-4668-BE54-9A1E7A4F7556}") = "Domain", "..\CourierService\CourierService\src\Domain\Domain.csproj", "{D073F5E1-71A7-4241-B1D3-4765130F7691}"
EndProject
Project("{9A19103F-16F7-4668-BE54-9A1E7A4F7556}") = "Infrastructure", "..\CourierService\CourierService\src\Infrastructure\Infrastructure.csproj", "{7ACDE469-55D5-4D5E-9A62-E94EC8770B6A}"
EndProject
Project("{9A19103F-16F7-4668-BE54-9A1E7A4F7556}") = "Web", "..\CourierService\CourierService\src\Web\Web.csproj", "{D439885E-0410-4E4C-A283-0F85F0DD618F}"
EndProject
Project("{9A19103F-16F7-4668-BE54-9A1E7A4F7556}") = "Application", "..\CourierService\CourierService\src\Application\Application.csproj", "{FD45A983-4423-41B3-ADF6-79504823593B}"
EndProject
Global
	GlobalSection(SolutionConfigurationPlatforms) = preSolution
		Debug|Any CPU = Debug|Any CPU
		Release|Any CPU = Release|Any CPU
	EndGlobalSection
	GlobalSection(ProjectConfigurationPlatforms) = postSolution
		{E61D44ED-7C59-477A-89E5-C1BA48B841CE}.Debug|Any CPU.ActiveCfg = Debug|Any CPU
		{E61D44ED-7C59-477A-89E5-C1BA48B841CE}.Debug|Any CPU.Build.0 = Debug|Any CPU
		{E61D44ED-7C59-477A-89E5-C1BA48B841CE}.Release|Any CPU.ActiveCfg = Release|Any CPU
		{E61D44ED-7C59-477A-89E5-C1BA48B841CE}.Release|Any CPU.Build.0 = Release|Any CPU
		{AF677CE3-AAE0-4208-B493-563B7EDDB34B}.Debug|Any CPU.ActiveCfg = Debug|Any CPU
		{AF677CE3-AAE0-4208-B493-563B7EDDB34B}.Debug|Any CPU.Build.0 = Debug|Any CPU
		{AF677CE3-AAE0-4208-B493-563B7EDDB34B}.Release|Any CPU.ActiveCfg = Release|Any CPU
		{AF677CE3-AAE0-4208-B493-563B7EDDB34B}.Release|Any CPU.Build.0 = Release|Any CPU
		{B840902A-0784-4F9C-86A1-3C064EF80088}.Debug|Any CPU.ActiveCfg = Debug|Any CPU
		{B840902A-0784-4F9C-86A1-3C064EF80088}.Debug|Any CPU.Build.0 = Debug|Any CPU
		{B840902A-0784-4F9C-86A1-3C064EF80088}.Release|Any CPU.ActiveCfg = Release|Any CPU
		{B840902A-0784-4F9C-86A1-3C064EF80088}.Release|Any CPU.Build.0 = Release|Any CPU
		{9BCF9F71-B8D7-4ED4-8D03-2F1DDA21ABDF}.Debug|Any CPU.ActiveCfg = Debug|Any CPU
		{9BCF9F71-B8D7-4ED4-8D03-2F1DDA21ABDF}.Debug|Any CPU.Build.0 = Debug|Any CPU
		{9BCF9F71-B8D7-4ED4-8D03-2F1DDA21ABDF}.Release|Any CPU.ActiveCfg = Release|Any CPU
		{9BCF9F71-B8D7-4ED4-8D03-2F1DDA21ABDF}.Release|Any CPU.Build.0 = Release|Any CPU
		{750DFCA2-89E6-4B50-9F01-F8E80AA5E3CC}.Debug|Any CPU.ActiveCfg = Debug|Any CPU
		{750DFCA2-89E6-4B50-9F01-F8E80AA5E3CC}.Debug|Any CPU.Build.0 = Debug|Any CPU
		{750DFCA2-89E6-4B50-9F01-F8E80AA5E3CC}.Release|Any CPU.ActiveCfg = Release|Any CPU
		{750DFCA2-89E6-4B50-9F01-F8E80AA5E3CC}.Release|Any CPU.Build.0 = Release|Any CPU
		{D6CDB143-9418-4841-AA0A-C70EF6F11AFE}.Debug|Any CPU.ActiveCfg = Debug|Any CPU
		{D6CDB143-9418-4841-AA0A-C70EF6F11AFE}.Debug|Any CPU.Build.0 = Debug|Any CPU
		{D6CDB143-9418-4841-AA0A-C70EF6F11AFE}.Release|Any CPU.ActiveCfg = Release|Any CPU
		{D6CDB143-9418-4841-AA0A-C70EF6F11AFE}.Release|Any CPU.Build.0 = Release|Any CPU
		{C9DE997C-4F16-4C32-BDF7-3F900CA42D25}.Debug|Any CPU.ActiveCfg = Debug|Any CPU
		{C9DE997C-4F16-4C32-BDF7-3F900CA42D25}.Debug|Any CPU.Build.0 = Debug|Any CPU
		{C9DE997C-4F16-4C32-BDF7-3F900CA42D25}.Release|Any CPU.ActiveCfg = Release|Any CPU
		{C9DE997C-4F16-4C32-BDF7-3F900CA42D25}.Release|Any CPU.Build.0 = Release|Any CPU
		{07B83759-06B2-461C-897C-45F1E4EC2BA3}.Debug|Any CPU.ActiveCfg = Debug|Any CPU
		{07B83759-06B2-461C-897C-45F1E4EC2BA3}.Debug|Any CPU.Build.0 = Debug|Any CPU
		{07B83759-06B2-461C-897C-45F1E4EC2BA3}.Release|Any CPU.ActiveCfg = Release|Any CPU
		{07B83759-06B2-461C-897C-45F1E4EC2BA3}.Release|Any CPU.Build.0 = Release|Any CPU
		{2CEFC9D2-6B9D-494F-9E40-49ECEEF4252D}.Debug|Any CPU.ActiveCfg = Debug|Any CPU
		{2CEFC9D2-6B9D-494F-9E40-49ECEEF4252D}.Debug|Any CPU.Build.0 = Debug|Any CPU
		{2CEFC9D2-6B9D-494F-9E40-49ECEEF4252D}.Release|Any CPU.ActiveCfg = Release|Any CPU
		{2CEFC9D2-6B9D-494F-9E40-49ECEEF4252D}.Release|Any CPU.Build.0 = Release|Any CPU
		{010F4AFF-695C-4AC9-B802-2555E7BE3024}.Debug|Any CPU.ActiveCfg = Debug|Any CPU
		{010F4AFF-695C-4AC9-B802-2555E7BE3024}.Debug|Any CPU.Build.0 = Debug|Any CPU
		{010F4AFF-695C-4AC9-B802-2555E7BE3024}.Release|Any CPU.ActiveCfg = Release|Any CPU
		{010F4AFF-695C-4AC9-B802-2555E7BE3024}.Release|Any CPU.Build.0 = Release|Any CPU
		{FB0AF78E-AB6C-4590-B7C2-06516453381B}.Debug|Any CPU.ActiveCfg = Debug|Any CPU
		{FB0AF78E-AB6C-4590-B7C2-06516453381B}.Debug|Any CPU.Build.0 = Debug|Any CPU
		{FB0AF78E-AB6C-4590-B7C2-06516453381B}.Release|Any CPU.ActiveCfg = Release|Any CPU
		{FB0AF78E-AB6C-4590-B7C2-06516453381B}.Release|Any CPU.Build.0 = Release|Any CPU
		{60C71EE8-6AD3-40F1-ADFA-DC1E5C6D00B6}.Debug|Any CPU.ActiveCfg = Debug|Any CPU
		{60C71EE8-6AD3-40F1-ADFA-DC1E5C6D00B6}.Debug|Any CPU.Build.0 = Debug|Any CPU
		{60C71EE8-6AD3-40F1-ADFA-DC1E5C6D00B6}.Release|Any CPU.ActiveCfg = Release|Any CPU
		{60C71EE8-6AD3-40F1-ADFA-DC1E5C6D00B6}.Release|Any CPU.Build.0 = Release|Any CPU
		{22B0B627-5E91-449F-982A-00BD964705B6}.Debug|Any CPU.ActiveCfg = Debug|Any CPU
		{22B0B627-5E91-449F-982A-00BD964705B6}.Debug|Any CPU.Build.0 = Debug|Any CPU
		{22B0B627-5E91-449F-982A-00BD964705B6}.Release|Any CPU.ActiveCfg = Release|Any CPU
		{22B0B627-5E91-449F-982A-00BD964705B6}.Release|Any CPU.Build.0 = Release|Any CPU
		{E1F91501-FBF1-482E-8E2C-EABF77378842}.Debug|Any CPU.ActiveCfg = Debug|Any CPU
		{E1F91501-FBF1-482E-8E2C-EABF77378842}.Debug|Any CPU.Build.0 = Debug|Any CPU
		{E1F91501-FBF1-482E-8E2C-EABF77378842}.Release|Any CPU.ActiveCfg = Release|Any CPU
		{E1F91501-FBF1-482E-8E2C-EABF77378842}.Release|Any CPU.Build.0 = Release|Any CPU
		{2813681D-4469-497F-845A-74670003F425}.Debug|Any CPU.ActiveCfg = Debug|Any CPU
		{2813681D-4469-497F-845A-74670003F425}.Debug|Any CPU.Build.0 = Debug|Any CPU
		{2813681D-4469-497F-845A-74670003F425}.Release|Any CPU.ActiveCfg = Release|Any CPU
		{2813681D-4469-497F-845A-74670003F425}.Release|Any CPU.Build.0 = Release|Any CPU
		{D073F5E1-71A7-4241-B1D3-4765130F7691}.Debug|Any CPU.ActiveCfg = Debug|Any CPU
		{D073F5E1-71A7-4241-B1D3-4765130F7691}.Debug|Any CPU.Build.0 = Debug|Any CPU
		{D073F5E1-71A7-4241-B1D3-4765130F7691}.Release|Any CPU.ActiveCfg = Release|Any CPU
		{D073F5E1-71A7-4241-B1D3-4765130F7691}.Release|Any CPU.Build.0 = Release|Any CPU
		{7ACDE469-55D5-4D5E-9A62-E94EC8770B6A}.Debug|Any CPU.ActiveCfg = Debug|Any CPU
		{7ACDE469-55D5-4D5E-9A62-E94EC8770B6A}.Debug|Any CPU.Build.0 = Debug|Any CPU
		{7ACDE469-55D5-4D5E-9A62-E94EC8770B6A}.Release|Any CPU.ActiveCfg = Release|Any CPU
		{7ACDE469-55D5-4D5E-9A62-E94EC8770B6A}.Release|Any CPU.Build.0 = Release|Any CPU
		{D439885E-0410-4E4C-A283-0F85F0DD618F}.Debug|Any CPU.ActiveCfg = Debug|Any CPU
		{D439885E-0410-4E4C-A283-0F85F0DD618F}.Debug|Any CPU.Build.0 = Debug|Any CPU
		{D439885E-0410-4E4C-A283-0F85F0DD618F}.Release|Any CPU.ActiveCfg = Release|Any CPU
		{D439885E-0410-4E4C-A283-0F85F0DD618F}.Release|Any CPU.Build.0 = Release|Any CPU
		{FD45A983-4423-41B3-ADF6-79504823593B}.Debug|Any CPU.ActiveCfg = Debug|Any CPU
		{FD45A983-4423-41B3-ADF6-79504823593B}.Debug|Any CPU.Build.0 = Debug|Any CPU
		{FD45A983-4423-41B3-ADF6-79504823593B}.Release|Any CPU.ActiveCfg = Release|Any CPU
		{FD45A983-4423-41B3-ADF6-79504823593B}.Release|Any CPU.Build.0 = Release|Any CPU
	EndGlobalSection
	GlobalSection(SolutionProperties) = preSolution
		HideSolutionNode = FALSE
	EndGlobalSection
	GlobalSection(NestedProjects) = preSolution
		{E61D44ED-7C59-477A-89E5-C1BA48B841CE} = {E8A2A3C5-1E56-432F-9DC4-8848A2A81CA6}
		{AF677CE3-AAE0-4208-B493-563B7EDDB34B} = {E8A2A3C5-1E56-432F-9DC4-8848A2A81CA6}
		{B840902A-0784-4F9C-86A1-3C064EF80088} = {E8A2A3C5-1E56-432F-9DC4-8848A2A81CA6}
		{96B44B22-ADBA-4BDF-92E6-ECAF45543635} = {9CDD4AC2-DE12-4E2B-BB4D-C1EF43F2E48B}
		{BDD606BD-13C0-4166-AA5B-497298768E98} = {9CDD4AC2-DE12-4E2B-BB4D-C1EF43F2E48B}
		{750DFCA2-89E6-4B50-9F01-F8E80AA5E3CC} = {BDD606BD-13C0-4166-AA5B-497298768E98}
		{D6CDB143-9418-4841-AA0A-C70EF6F11AFE} = {96B44B22-ADBA-4BDF-92E6-ECAF45543635}
		{C9DE997C-4F16-4C32-BDF7-3F900CA42D25} = {96B44B22-ADBA-4BDF-92E6-ECAF45543635}
		{07B83759-06B2-461C-897C-45F1E4EC2BA3} = {9CDD4AC2-DE12-4E2B-BB4D-C1EF43F2E48B}
		{FB0AF78E-AB6C-4590-B7C2-06516453381B} = {41FFF164-9792-4007-9254-1886956435AD}
		{60C71EE8-6AD3-40F1-ADFA-DC1E5C6D00B6} = {41FFF164-9792-4007-9254-1886956435AD}
		{22B0B627-5E91-449F-982A-00BD964705B6} = {41FFF164-9792-4007-9254-1886956435AD}
		{E1F91501-FBF1-482E-8E2C-EABF77378842} = {E0F9E121-5781-45D5-8286-2E460F78B3E6}
		{2813681D-4469-497F-845A-74670003F425} = {E0F9E121-5781-45D5-8286-2E460F78B3E6}
		{D073F5E1-71A7-4241-B1D3-4765130F7691} = {7A610D65-F39E-4A1D-83E3-8B93D88BAC17}
		{7ACDE469-55D5-4D5E-9A62-E94EC8770B6A} = {7A610D65-F39E-4A1D-83E3-8B93D88BAC17}
		{D439885E-0410-4E4C-A283-0F85F0DD618F} = {7A610D65-F39E-4A1D-83E3-8B93D88BAC17}
		{FD45A983-4423-41B3-ADF6-79504823593B} = {7A610D65-F39E-4A1D-83E3-8B93D88BAC17}
	EndGlobalSection
	GlobalSection(ExtensibilityGlobals) = postSolution
		SolutionGuid = {8A186F75-69CD-4F66-A3BF-743E7AAD2774}
	EndGlobalSection
EndGlobal
